// !$*UTF8*$!
{
	archiveVersion = 1;
	classes = {
	};
	objectVersion = 46;
	objects = {

/* Begin PBXBuildFile section */
		1AA5EC2617586A0400E64296 /* Form.m in Sources */ = {isa = PBXBuildFile; fileRef = 1AA5EC2517586A0400E64296 /* Form.m */; };
		1AA5EC291758715500E64296 /* EditViewController.m in Sources */ = {isa = PBXBuildFile; fileRef = 1AA5EC281758715500E64296 /* EditViewController.m */; };
		1AA5EC2C17587F2000E64296 /* CountryPickerViewController.m in Sources */ = {isa = PBXBuildFile; fileRef = 1AA5EC2B17587F2000E64296 /* CountryPickerViewController.m */; };
		1AA5EC2F1758AD0500E64296 /* CountryPicker2.m in Sources */ = {isa = PBXBuildFile; fileRef = 1AA5EC2E1758AD0500E64296 /* CountryPicker2.m */; };
		1AE33D79175720E400B01BAA /* UIKit.framework in Frameworks */ = {isa = PBXBuildFile; fileRef = 1AE33D78175720E400B01BAA /* UIKit.framework */; };
		1AE33D7B175720E400B01BAA /* Foundation.framework in Frameworks */ = {isa = PBXBuildFile; fileRef = 1AE33D7A175720E400B01BAA /* Foundation.framework */; };
		1AE33D7D175720E400B01BAA /* CoreGraphics.framework in Frameworks */ = {isa = PBXBuildFile; fileRef = 1AE33D7C175720E400B01BAA /* CoreGraphics.framework */; };
		1AE33D83175720E400B01BAA /* InfoPlist.strings in Resources */ = {isa = PBXBuildFile; fileRef = 1AE33D81175720E400B01BAA /* InfoPlist.strings */; };
		1AE33D85175720E400B01BAA /* main.m in Sources */ = {isa = PBXBuildFile; fileRef = 1AE33D84175720E400B01BAA /* main.m */; };
		1AE33D89175720E400B01BAA /* AppDelegate.m in Sources */ = {isa = PBXBuildFile; fileRef = 1AE33D88175720E400B01BAA /* AppDelegate.m */; };
		1AE33D8B175720E400B01BAA /* Default.png in Resources */ = {isa = PBXBuildFile; fileRef = 1AE33D8A175720E400B01BAA /* Default.png */; };
		1AE33D8D175720E400B01BAA /* Default@2x.png in Resources */ = {isa = PBXBuildFile; fileRef = 1AE33D8C175720E400B01BAA /* Default@2x.png */; };
		1AE33D8F175720E400B01BAA /* Default-568h@2x.png in Resources */ = {isa = PBXBuildFile; fileRef = 1AE33D8E175720E400B01BAA /* Default-568h@2x.png */; };
		1AE33D92175720E400B01BAA /* MainStoryboard.storyboard in Resources */ = {isa = PBXBuildFile; fileRef = 1AE33D90175720E400B01BAA /* MainStoryboard.storyboard */; };
		1AE33D95175720E400B01BAA /* ViewController.m in Sources */ = {isa = PBXBuildFile; fileRef = 1AE33D94175720E400B01BAA /* ViewController.m */; };
/* End PBXBuildFile section */

/* Begin PBXFileReference section */
		1AA5EC2417586A0400E64296 /* Form.h */ = {isa = PBXFileReference; fileEncoding = 4; lastKnownFileType = sourcecode.c.h; path = Form.h; sourceTree = "<group>"; };
		1AA5EC2517586A0400E64296 /* Form.m */ = {isa = PBXFileReference; fileEncoding = 4; lastKnownFileType = sourcecode.c.objc; path = Form.m; sourceTree = "<group>"; };
		1AA5EC271758715500E64296 /* EditViewController.h */ = {isa = PBXFileReference; fileEncoding = 4; lastKnownFileType = sourcecode.c.h; path = EditViewController.h; sourceTree = "<group>"; };
		1AA5EC281758715500E64296 /* EditViewController.m */ = {isa = PBXFileReference; fileEncoding = 4; lastKnownFileType = sourcecode.c.objc; path = EditViewController.m; sourceTree = "<group>"; };
		1AA5EC2A17587F2000E64296 /* CountryPickerViewController.h */ = {isa = PBXFileReference; fileEncoding = 4; lastKnownFileType = sourcecode.c.h; path = CountryPickerViewController.h; sourceTree = "<group>"; };
		1AA5EC2B17587F2000E64296 /* CountryPickerViewController.m */ = {isa = PBXFileReference; fileEncoding = 4; lastKnownFileType = sourcecode.c.objc; path = CountryPickerViewController.m; sourceTree = "<group>"; };
		1AA5EC2D1758AD0500E64296 /* CountryPicker2.h */ = {isa = PBXFileReference; fileEncoding = 4; lastKnownFileType = sourcecode.c.h; path = CountryPicker2.h; sourceTree = "<group>"; };
		1AA5EC2E1758AD0500E64296 /* CountryPicker2.m */ = {isa = PBXFileReference; fileEncoding = 4; lastKnownFileType = sourcecode.c.objc; path = CountryPicker2.m; sourceTree = "<group>"; };
		1AE33D75175720E400B01BAA /* SimpleForm.app */ = {isa = PBXFileReference; explicitFileType = wrapper.application; includeInIndex = 0; path = SimpleForm.app; sourceTree = BUILT_PRODUCTS_DIR; };
		1AE33D78175720E400B01BAA /* UIKit.framework */ = {isa = PBXFileReference; lastKnownFileType = wrapper.framework; name = UIKit.framework; path = System/Library/Frameworks/UIKit.framework; sourceTree = SDKROOT; };
		1AE33D7A175720E400B01BAA /* Foundation.framework */ = {isa = PBXFileReference; lastKnownFileType = wrapper.framework; name = Foundation.framework; path = System/Library/Frameworks/Foundation.framework; sourceTree = SDKROOT; };
		1AE33D7C175720E400B01BAA /* CoreGraphics.framework */ = {isa = PBXFileReference; lastKnownFileType = wrapper.framework; name = CoreGraphics.framework; path = System/Library/Frameworks/CoreGraphics.framework; sourceTree = SDKROOT; };
		1AE33D80175720E400B01BAA /* SimpleForm-Info.plist */ = {isa = PBXFileReference; lastKnownFileType = text.plist.xml; path = "SimpleForm-Info.plist"; sourceTree = "<group>"; };
		1AE33D82175720E400B01BAA /* en */ = {isa = PBXFileReference; lastKnownFileType = text.plist.strings; name = en; path = en.lproj/InfoPlist.strings; sourceTree = "<group>"; };
		1AE33D84175720E400B01BAA /* main.m */ = {isa = PBXFileReference; lastKnownFileType = sourcecode.c.objc; path = main.m; sourceTree = "<group>"; };
		1AE33D86175720E400B01BAA /* SimpleForm-Prefix.pch */ = {isa = PBXFileReference; lastKnownFileType = sourcecode.c.h; path = "SimpleForm-Prefix.pch"; sourceTree = "<group>"; };
		1AE33D87175720E400B01BAA /* AppDelegate.h */ = {isa = PBXFileReference; lastKnownFileType = sourcecode.c.h; path = AppDelegate.h; sourceTree = "<group>"; };
		1AE33D88175720E400B01BAA /* AppDelegate.m */ = {isa = PBXFileReference; lastKnownFileType = sourcecode.c.objc; path = AppDelegate.m; sourceTree = "<group>"; };
		1AE33D8A175720E400B01BAA /* Default.png */ = {isa = PBXFileReference; lastKnownFileType = image.png; path = Default.png; sourceTree = "<group>"; };
		1AE33D8C175720E400B01BAA /* Default@2x.png */ = {isa = PBXFileReference; lastKnownFileType = image.png; path = "Default@2x.png"; sourceTree = "<group>"; };
		1AE33D8E175720E400B01BAA /* Default-568h@2x.png */ = {isa = PBXFileReference; lastKnownFileType = image.png; path = "Default-568h@2x.png"; sourceTree = "<group>"; };
		1AE33D91175720E400B01BAA /* en */ = {isa = PBXFileReference; lastKnownFileType = file.storyboard; name = en; path = en.lproj/MainStoryboard.storyboard; sourceTree = "<group>"; };
		1AE33D93175720E400B01BAA /* ViewController.h */ = {isa = PBXFileReference; lastKnownFileType = sourcecode.c.h; path = ViewController.h; sourceTree = "<group>"; };
		1AE33D94175720E400B01BAA /* ViewController.m */ = {isa = PBXFileReference; lastKnownFileType = sourcecode.c.objc; path = ViewController.m; sourceTree = "<group>"; };
/* End PBXFileReference section */

/* Begin PBXFrameworksBuildPhase section */
		1AE33D72175720E400B01BAA /* Frameworks */ = {
			isa = PBXFrameworksBuildPhase;
			buildActionMask = 2147483647;
			files = (
				1AE33D79175720E400B01BAA /* UIKit.framework in Frameworks */,
				1AE33D7B175720E400B01BAA /* Foundation.framework in Frameworks */,
				1AE33D7D175720E400B01BAA /* CoreGraphics.framework in Frameworks */,
			);
			runOnlyForDeploymentPostprocessing = 0;
		};
/* End PBXFrameworksBuildPhase section */

/* Begin PBXGroup section */
		1AE33D6C175720E400B01BAA = {
			isa = PBXGroup;
			children = (
				1AE33D7E175720E400B01BAA /* SimpleForm */,
				1AE33D77175720E400B01BAA /* Frameworks */,
				1AE33D76175720E400B01BAA /* Products */,
			);
			sourceTree = "<group>";
		};
		1AE33D76175720E400B01BAA /* Products */ = {
			isa = PBXGroup;
			children = (
				1AE33D75175720E400B01BAA /* SimpleForm.app */,
			);
			name = Products;
			sourceTree = "<group>";
		};
		1AE33D77175720E400B01BAA /* Frameworks */ = {
			isa = PBXGroup;
			children = (
				1AE33D78175720E400B01BAA /* UIKit.framework */,
				1AE33D7A175720E400B01BAA /* Foundation.framework */,
				1AE33D7C175720E400B01BAA /* CoreGraphics.framework */,
			);
			name = Frameworks;
			sourceTree = "<group>";
		};
		1AE33D7E175720E400B01BAA /* SimpleForm */ = {
			isa = PBXGroup;
			children = (
				1AE33D87175720E400B01BAA /* AppDelegate.h */,
				1AE33D88175720E400B01BAA /* AppDelegate.m */,
				1AE33D90175720E400B01BAA /* MainStoryboard.storyboard */,
				1AE33D93175720E400B01BAA /* ViewController.h */,
				1AE33D94175720E400B01BAA /* ViewController.m */,
				1AE33D7F175720E400B01BAA /* Supporting Files */,
				1AA5EC2417586A0400E64296 /* Form.h */,
				1AA5EC2517586A0400E64296 /* Form.m */,
				1AA5EC271758715500E64296 /* EditViewController.h */,
				1AA5EC281758715500E64296 /* EditViewController.m */,
				1AA5EC2A17587F2000E64296 /* CountryPickerViewController.h */,
				1AA5EC2B17587F2000E64296 /* CountryPickerViewController.m */,
				1AA5EC2D1758AD0500E64296 /* CountryPicker2.h */,
				1AA5EC2E1758AD0500E64296 /* CountryPicker2.m */,
			);
			path = SimpleForm;
			sourceTree = "<group>";
		};
		1AE33D7F175720E400B01BAA /* Supporting Files */ = {
			isa = PBXGroup;
			children = (
				1AE33D80175720E400B01BAA /* SimpleForm-Info.plist */,
				1AE33D81175720E400B01BAA /* InfoPlist.strings */,
				1AE33D84175720E400B01BAA /* main.m */,
				1AE33D86175720E400B01BAA /* SimpleForm-Prefix.pch */,
				1AE33D8A175720E400B01BAA /* Default.png */,
				1AE33D8C175720E400B01BAA /* Default@2x.png */,
				1AE33D8E175720E400B01BAA /* Default-568h@2x.png */,
			);
			name = "Supporting Files";
			sourceTree = "<group>";
		};
/* End PBXGroup section */

/* Begin PBXNativeTarget section */
		1AE33D74175720E400B01BAA /* SimpleForm */ = {
			isa = PBXNativeTarget;
			buildConfigurationList = 1AE33D98175720E400B01BAA /* Build configuration list for PBXNativeTarget "SimpleForm" */;
			buildPhases = (
				1AE33D71175720E400B01BAA /* Sources */,
				1AE33D72175720E400B01BAA /* Frameworks */,
				1AE33D73175720E400B01BAA /* Resources */,
			);
			buildRules = (
			);
			dependencies = (
			);
			name = SimpleForm;
			productName = SimpleForm;
			productReference = 1AE33D75175720E400B01BAA /* SimpleForm.app */;
			productType = "com.apple.product-type.application";
		};
/* End PBXNativeTarget section */

/* Begin PBXProject section */
		1AE33D6D175720E400B01BAA /* Project object */ = {
			isa = PBXProject;
			attributes = {
				LastUpgradeCheck = 0460;
				ORGANIZATIONNAME = "Minni Arora";
			};
			buildConfigurationList = 1AE33D70175720E400B01BAA /* Build configuration list for PBXProject "SimpleForm" */;
			compatibilityVersion = "Xcode 3.2";
			developmentRegion = English;
			hasScannedForEncodings = 0;
			knownRegions = (
				en,
			);
			mainGroup = 1AE33D6C175720E400B01BAA;
			productRefGroup = 1AE33D76175720E400B01BAA /* Products */;
			projectDirPath = "";
			projectRoot = "";
			targets = (
				1AE33D74175720E400B01BAA /* SimpleForm */,
			);
		};
/* End PBXProject section */

/* Begin PBXResourcesBuildPhase section */
		1AE33D73175720E400B01BAA /* Resources */ = {
			isa = PBXResourcesBuildPhase;
			buildActionMask = 2147483647;
			files = (
				1AE33D83175720E400B01BAA /* InfoPlist.strings in Resources */,
				1AE33D8B175720E400B01BAA /* Default.png in Resources */,
				1AE33D8D175720E400B01BAA /* Default@2x.png in Resources */,
				1AE33D8F175720E400B01BAA /* Default-568h@2x.png in Resources */,
				1AE33D92175720E400B01BAA /* MainStoryboard.storyboard in Resources */,
			);
			runOnlyForDeploymentPostprocessing = 0;
		};
/* End PBXResourcesBuildPhase section */

/* Begin PBXSourcesBuildPhase section */
		1AE33D71175720E400B01BAA /* Sources */ = {
			isa = PBXSourcesBuildPhase;
			buildActionMask = 2147483647;
			files = (
				1AE33D85175720E400B01BAA /* main.m in Sources */,
				1AE33D89175720E400B01BAA /* AppDelegate.m in Sources */,
				1AE33D95175720E400B01BAA /* ViewController.m in Sources */,
				1AA5EC2617586A0400E64296 /* Form.m in Sources */,
				1AA5EC291758715500E64296 /* EditViewController.m in Sources */,
				1AA5EC2C17587F2000E64296 /* CountryPickerViewController.m in Sources */,
				1AA5EC2F1758AD0500E64296 /* CountryPicker2.m in Sources */,
			);
			runOnlyForDeploymentPostprocessing = 0;
		};
/* End PBXSourcesBuildPhase section */

/* Begin PBXVariantGroup section */
		1AE33D81175720E400B01BAA /* InfoPlist.strings */ = {
			isa = PBXVariantGroup;
			children = (
				1AE33D82175720E400B01BAA /* en */,
			);
			name = InfoPlist.strings;
			sourceTree = "<group>";
		};
		1AE33D90175720E400B01BAA /* MainStoryboard.storyboard */ = {
			isa = PBXVariantGroup;
			children = (
				1AE33D91175720E400B01BAA /* en */,
			);
			name = MainStoryboard.storyboard;
			sourceTree = "<group>";
		};
/* End PBXVariantGroup section */

/* Begin XCBuildConfiguration section */
		1AE33D96175720E400B01BAA /* Debug */ = {
			isa = XCBuildConfiguration;
			buildSettings = {
				ALWAYS_SEARCH_USER_PATHS = NO;
				CLANG_CXX_LANGUAGE_STANDARD = "gnu++0x";
				CLANG_CXX_LIBRARY = "libc++";
				CLANG_ENABLE_OBJC_ARC = YES;
				CLANG_WARN_CONSTANT_CONVERSION = YES;
				CLANG_WARN_EMPTY_BODY = YES;
				CLANG_WARN_ENUM_CONVERSION = YES;
				CLANG_WARN_INT_CONVERSION = YES;
				CLANG_WARN__DUPLICATE_METHOD_MATCH = YES;
				"CODE_SIGN_IDENTITY[sdk=iphoneos*]" = "iPhone Developer";
				COPY_PHASE_STRIP = NO;
				GCC_C_LANGUAGE_STANDARD = gnu99;
				GCC_DYNAMIC_NO_PIC = NO;
				GCC_OPTIMIZATION_LEVEL = 0;
				GCC_PREPROCESSOR_DEFINITIONS = (
					"DEBUG=1",
					"$(inherited)",
				);
				GCC_SYMBOLS_PRIVATE_EXTERN = NO;
				GCC_WARN_ABOUT_RETURN_TYPE = YES;
				GCC_WARN_UNINITIALIZED_AUTOS = YES;
				GCC_WARN_UNUSED_VARIABLE = YES;
				IPHONEOS_DEPLOYMENT_TARGET = 6.1;
				ONLY_ACTIVE_ARCH = YES;
				SDKROOT = iphoneos;
			};
			name = Debug;
		};
		1AE33D97175720E400B01BAA /* Release */ = {
			isa = XCBuildConfiguration;
			buildSettings = {
				ALWAYS_SEARCH_USER_PATHS = NO;
				CLANG_CXX_LANGUAGE_STANDARD = "gnu++0x";
				CLANG_CXX_LIBRARY = "libc++";
				CLANG_ENABLE_OBJC_ARC = YES;
				CLANG_WARN_CONSTANT_CONVERSION = YES;
				CLANG_WARN_EMPTY_BODY = YES;
				CLANG_WARN_ENUM_CONVERSION = YES;
				CLANG_WARN_INT_CONVERSION = YES;
				CLANG_WARN__DUPLICATE_METHOD_MATCH = YES;
				"CODE_SIGN_IDENTITY[sdk=iphoneos*]" = "iPhone Developer";
				COPY_PHASE_STRIP = YES;
				GCC_C_LANGUAGE_STANDARD = gnu99;
				GCC_WARN_ABOUT_RETURN_TYPE = YES;
				GCC_WARN_UNINITIALIZED_AUTOS = YES;
				GCC_WARN_UNUSED_VARIABLE = YES;
				IPHONEOS_DEPLOYMENT_TARGET = 6.1;
				OTHER_CFLAGS = "-DNS_BLOCK_ASSERTIONS=1";
				SDKROOT = iphoneos;
				VALIDATE_PRODUCT = YES;
			};
			name = Release;
		};
		1AE33D99175720E400B01BAA /* Debug */ = {
			isa = XCBuildConfiguration;
			buildSettings = {
				GCC_PRECOMPILE_PREFIX_HEADER = YES;
				GCC_PREFIX_HEADER = "SimpleForm/SimpleForm-Prefix.pch";
				INFOPLIST_FILE = "SimpleForm/SimpleForm-Info.plist";
				PRODUCT_NAME = "$(TARGET_NAME)";
				WRAPPER_EXTENSION = app;
			};
			name = Debug;
		};
		1AE33D9A175720E400B01BAA /* Release */ = {
			isa = XCBuildConfiguration;
			buildSettings = {
				GCC_PRECOMPILE_PREFIX_HEADER = YES;
				GCC_PREFIX_HEADER = "SimpleForm/SimpleForm-Prefix.pch";
				INFOPLIST_FILE = "SimpleForm/SimpleForm-Info.plist";
				PRODUCT_NAME = "$(TARGET_NAME)";
				WRAPPER_EXTENSION = app;
			};
			name = Release;
		};
/* End XCBuildConfiguration section */

/* Begin XCConfigurationList section */
		1AE33D70175720E400B01BAA /* Build configuration list for PBXProject "SimpleForm" */ = {
			isa = XCConfigurationList;
			buildConfigurations = (
				1AE33D96175720E400B01BAA /* Debug */,
				1AE33D97175720E400B01BAA /* Release */,
			);
			defaultConfigurationIsVisible = 0;
			defaultConfigurationName = Release;
		};
		1AE33D98175720E400B01BAA /* Build configuration list for PBXNativeTarget "SimpleForm" */ = {
			isa = XCConfigurationList;
			buildConfigurations = (
				1AE33D99175720E400B01BAA /* Debug */,
				1AE33D9A175720E400B01BAA /* Release */,
			);
			defaultConfigurationIsVisible = 0;
			defaultConfigurationName = Release;
		};
/* End XCConfigurationList section */
	};
	rootObject = 1AE33D6D175720E400B01BAA /* Project object */;
}
